{
  "name": "distributed-task-queue",
  "version": "1.0.0",
  "lockfileVersion": 3,
  "requires": true,
  "packages": {
    "": {
      "name": "distributed-task-queue",
      "version": "1.0.0",
      "dependencies": {
        "zeromq": "^6.5.0"
      }
    },
    "node_modules/cmake-ts": {
      "version": "1.0.2",
      "resolved": "https://registry.npmmirror.com/cmake-ts/-/cmake-ts-1.0.2.tgz",
      "integrity": "sha512-5l++JHE7MxFuyV/OwJf3ek7ZZN1aGPFPM5oUz6AnK5inQAPe4TFXRMz5sA2qg2FRgByPWdqO+gSfIPo8GzoKNQ==",
      "bin": {
        "cmake-ts": "build/main.js"
      }
    },
    "node_modules/node-addon-api": {
      "version": "8.7.0",
      "resolved": "https://registry.npmmirror.com/node-addon-api/-/node-addon-api-8.7.0.tgz",
      "integrity": "sha512-9MdFxmkKaOYVTV+XVRG8ArDwwQ77XIgIPyKASB1k3JPq3M8fGQQQE3YpMOrKm6g//Ktx8ivZr8xo1Qmtqub+GA==",
      "engines": {
        "node": "^18 || ^20 || >= 21"
      }
    },
    "node_modules/zeromq": {
      "version": "6.5.0",
      "resolved": "https://registry.npmmirror.com/zeromq/-/zeromq-6.5.0.tgz",
      "integrity": "sha512-vWOrt19lvcXTxu5tiHXfEGQuldSlU+qZn2TT+4EbRQzaciWGwNZ99QQTolQOmcwVgZLodv+1QfC6UZs2PX/6pQ==",
      "hasInstallScript": true,
      "dependencies": {
        "cmake-ts": "1.0.2",
        "node-addon-api": "^8.3.1"
      },
      "engines": {
        "node": ">= 12"
      }
    }
  }
}
