{
  "name": "markdown-collab-server",
  "version": "1.0.0",
  "lockfileVersion": 3,
  "requires": true,
  "packages": {
    "": {
      "name": "markdown-collab-server",
      "version": "1.0.0",
      "dependencies": {
        "level": "^8.0.1",
        "lib0": "^0.2.93",
        "ws": "^8.16.0",
        "y-leveldb": "^0.1.2",
        "y-protocols": "^1.0.6",
        "yjs": "^13.6.15"
      },
      "devDependencies": {
        "@types/node": "^20.11.24",
        "@types/ws": "^8.5.10",
        "tsx": "^4.7.1",
        "typescript": "^5.3.3"
      }
    },
    "node_modules/@esbuild/aix-ppc64": {
      "version": "0.28.0",
      "resolved": "https://registry.npmmirror.com/@esbuild/aix-ppc64/-/aix-ppc64-0.28.0.tgz",
      "integrity": "sha512-lhRUCeuOyJQURhTxl4WkpFTjIsbDayJHih5kZC1giwE+MhIzAb7mEsQMqMf18rHLsrb5qI1tafG20mLxEWcWlA==",
      "cpu": [
        "ppc64"
      ],
      "dev": true,
      "optional": true,
      "os": [
        "aix"
      ],
      "engines": {
        "node": ">=18"
      }
    },
    "node_modules/@esbuild/android-arm": {
      "version": "0.28.0",
      "resolved": "https://registry.npmmirror.com/@esbuild/android-arm/-/android-arm-0.28.0.tgz",
      "integrity": "sha512-wqh0ByljabXLKHeWXYLqoJ5jKC4XBaw6Hk08OfMrCRd2nP2ZQ5eleDZC41XHyCNgktBGYMbqnrJKq/K/lzPMSQ==",
      "cpu": [
        "arm"
      ],
      "dev": true,
      "optional": true,
      "os": [
        "android"
      ],
      "engines": {
        "node": ">=18"
      }
    },
    "node_modules/@esbuild/android-arm64": {
      "version": "0.28.0",
      "resolved": "https://registry.npmmirror.com/@esbuild/android-arm64/-/android-arm64-0.28.0.tgz",
      "integrity": "sha512-+WzIXQOSaGs33tLEgYPYe/yQHf0WTU0X42Jca3y8NWMbUVhp7rUnw+vAsRC/QiDrdD31IszMrZy+qwPOPjd+rw==",
      "cpu": [
        "arm64"
      ],
      "dev": true,
      "optional": true,
      "os": [
        "android"
      ],
      "engines": {
        "node": ">=18"
      }
    },
    "node_modules/@esbuild/android-x64": {
      "version": "0.28.0",
      "resolved": "https://registry.npmmirror.com/@esbuild/android-x64/-/android-x64-0.28.0.tgz",
      "integrity": "sha512-+VJggoaKhk2VNNqVL7f6S189UzShHC/mR9EE8rDdSkdpN0KflSwWY/gWjDrNxxisg8Fp1ZCD9jLMo4m0OUfeUA==",
      "cpu": [
        "x64"
      ],
      "dev": true,
      "optional": true,
      "os": [
        "android"
      ],
      "engines": {
        "node": ">=18"
      }
    },
    "node_modules/@esbuild/darwin-arm64": {
      "version": "0.28.0",
      "resolved": "https://registry.npmmirror.com/@esbuild/darwin-arm64/-/darwin-arm64-0.28.0.tgz",
      "integrity": "sha512-0T+A9WZm+bZ84nZBtk1ckYsOvyA3x7e2Acj1KdVfV4/2tdG4fzUp91YHx+GArWLtwqp77pBXVCPn2We7Letr0Q==",
      "cpu": [
        "arm64"
      ],
      "dev": true,
      "optional": true,
      "os": [
        "darwin"
      ],
      "engines": {
        "node": ">=18"
      }
    },
    "node_modules/@esbuild/darwin-x64": {
      "version": "0.28.0",
      "resolved": "https://registry.npmmirror.com/@esbuild/darwin-x64/-/darwin-x64-0.28.0.tgz",
      "integrity": "sha512-fyzLm/DLDl/84OCfp2f/XQ4flmORsjU7VKt8HLjvIXChJoFFOIL6pLJPH4Yhd1n1gGFF9mPwtlN5Wf82DZs+LQ==",
      "cpu": [
        "x64"
      ],
      "dev": true,
      "optional": true,
      "os": [
        "darwin"
      ],
      "engines": {
        "node": ">=18"
      }
    },
    "node_modules/@esbuild/freebsd-arm64": {
      "version": "0.28.0",
      "resolved": "https://registry.npmmirror.com/@esbuild/freebsd-arm64/-/freebsd-arm64-0.28.0.tgz",
      "integrity": "sha512-l9GeW5UZBT9k9brBYI+0WDffcRxgHQD8ShN2Ur4xWq/NFzUKm3k5lsH4PdaRgb2w7mI9u61nr2gI2mLI27Nh3Q==",
      "cpu": [
        "arm64"
      ],
      "dev": true,
      "optional": true,
      "os": [
        "freebsd"
      ],
      "engines": {
        "node": ">=18"
      }
    },
    "node_modules/@esbuild/freebsd-x64": {
      "version": "0.28.0",
      "resolved": "https://registry.npmmirror.com/@esbuild/freebsd-x64/-/freebsd-x64-0.28.0.tgz",
      "integrity": "sha512-BXoQai/A0wPO6Es3yFJ7APCiKGc1tdAEOgeTNy3SsB491S3aHn4S4r3e976eUnPdU+NbdtmBuLncYir2tMU9Nw==",
      "cpu": [
        "x64"
      ],
      "dev": true,
      "optional": true,
      "os": [
        "freebsd"
      ],
      "engines": {
        "node": ">=18"
      }
    },
    "node_modules/@esbuild/linux-arm": {
      "version": "0.28.0",
      "resolved": "https://registry.npmmirror.com/@esbuild/linux-arm/-/linux-arm-0.28.0.tgz",
      "integrity": "sha512-CjaaREJagqJp7iTaNQjjidaNbCKYcd4IDkzbwwxtSvjI7NZm79qiHc8HqciMddQ6CKvJT6aBd8lO9kN/ZudLlw==",
      "cpu": [
        "arm"
      ],
      "dev": true,
      "optional": true,
      "os": [
        "linux"
      ],
      "engines": {
        "node": ">=18"
      }
    },
    "node_modules/@esbuild/linux-arm64": {
      "version": "0.28.0",
      "resolved": "https://registry.npmmirror.com/@esbuild/linux-arm64/-/linux-arm64-0.28.0.tgz",
      "integrity": "sha512-RVyzfb3FWsGA55n6WY0MEIEPURL1FcbhFE6BffZEMEekfCzCIMtB5yyDcFnVbTnwk+CLAgTujmV/Lgvih56W+A==",
      "cpu": [
        "arm64"
      ],
      "dev": true,
      "optional": true,
      "os": [
        "linux"
      ],
      "engines": {
        "node": ">=18"
      }
    },
    "node_modules/@esbuild/linux-ia32": {
      "version": "0.28.0",
      "resolved": "https://registry.npmmirror.com/@esbuild/linux-ia32/-/linux-ia32-0.28.0.tgz",
      "integrity": "sha512-KBnSTt1kxl9x70q+ydterVdl+Cn0H18ngRMRCEQfrbqdUuntQQ0LoMZv47uB97NljZFzY6HcfqEZ2SAyIUTQBQ==",
      "cpu": [
        "ia32"
      ],
      "dev": true,
      "optional": true,
      "os": [
        "linux"
      ],
      "engines": {
        "node": ">=18"
      }
    },
    "node_modules/@esbuild/linux-loong64": {
      "version": "0.28.0",
      "resolved": "https://registry.npmmirror.com/@esbuild/linux-loong64/-/linux-loong64-0.28.0.tgz",
      "integrity": "sha512-zpSlUce1mnxzgBADvxKXX5sl8aYQHo2ezvMNI8I0lbblJtp8V4odlm3Yzlj7gPyt3T8ReksE6bK+pT3WD+aJRg==",
      "cpu": [
        "loong64"
      ],
      "dev": true,
      "optional": true,
      "os": [
        "linux"
      ],
      "engines": {
        "node": ">=18"
      }
    },
    "node_modules/@esbuild/linux-mips64el": {
      "version": "0.28.0",
      "resolved": "https://registry.npmmirror.com/@esbuild/linux-mips64el/-/linux-mips64el-0.28.0.tgz",
      "integrity": "sha512-2jIfP6mmjkdmeTlsX/9vmdmhBmKADrWqN7zcdtHIeNSCH1SqIoNI63cYsjQR8J+wGa4Y5izRcSHSm8K3QWmk3w==",
      "cpu": [
        "mips64el"
      ],
      "dev": true,
      "optional": true,
      "os": [
        "linux"
      ],
      "engines": {
        "node": ">=18"
      }
    },
    "node_modules/@esbuild/linux-ppc64": {
      "version": "0.28.0",
      "resolved": "https://registry.npmmirror.com/@esbuild/linux-ppc64/-/linux-ppc64-0.28.0.tgz",
      "integrity": "sha512-bc0FE9wWeC0WBm49IQMPSPILRocGTQt3j5KPCA8os6VprfuJ7KD+5PzESSrJ6GmPIPJK965ZJHTUlSA6GNYEhg==",
      "cpu": [
        "ppc64"
      ],
      "dev": true,
      "optional": true,
      "os": [
        "linux"
      ],
      "engines": {
        "node": ">=18"
      }
    },
    "node_modules/@esbuild/linux-riscv64": {
      "version": "0.28.0",
      "resolved": "https://registry.npmmirror.com/@esbuild/linux-riscv64/-/linux-riscv64-0.28.0.tgz",
      "integrity": "sha512-SQPZOwoTTT/HXFXQJG/vBX8sOFagGqvZyXcgLA3NhIqcBv1BJU1d46c0rGcrij2B56Z2rNiSLaZOYW5cUk7yLQ==",
      "cpu": [
        "riscv64"
      ],
      "dev": true,
      "optional": true,
      "os": [
        "linux"
      ],
      "engines": {
        "node": ">=18"
      }
    },
    "node_modules/@esbuild/linux-s390x": {
      "version": "0.28.0",
      "resolved": "https://registry.npmmirror.com/@esbuild/linux-s390x/-/linux-s390x-0.28.0.tgz",
      "integrity": "sha512-SCfR0HN8CEEjnYnySJTd2cw0k9OHB/YFzt5zgJEwa+wL/T/raGWYMBqwDNAC6dqFKmJYZoQBRfHjgwLHGSrn3Q==",
      "cpu": [
        "s390x"
      ],
      "dev": true,
      "optional": true,
      "os": [
        "linux"
      ],
      "engines": {
        "node": ">=18"
      }
    },
    "node_modules/@esbuild/linux-x64": {
      "version": "0.28.0",
      "resolved": "https://registry.npmmirror.com/@esbuild/linux-x64/-/linux-x64-0.28.0.tgz",
      "integrity": "sha512-us0dSb9iFxIi8srnpl931Nvs65it/Jd2a2K3qs7fz2WfGPHqzfzZTfec7oxZJRNPXPnNYZtanmRc4AL/JwVzHQ==",
      "cpu": [
        "x64"
      ],
      "dev": true,
      "optional": true,
      "os": [
        "linux"
      ],
      "engines": {
        "node": ">=18"
      }
    },
    "node_modules/@esbuild/netbsd-arm64": {
      "version": "0.28.0",
      "resolved": "https://registry.npmmirror.com/@esbuild/netbsd-arm64/-/netbsd-arm64-0.28.0.tgz",
      "integrity": "sha512-CR/RYotgtCKwtftMwJlUU7xCVNg3lMYZ0RzTmAHSfLCXw3NtZtNpswLEj/Kkf6kEL3Gw+BpOekRX0BYCtklhUw==",
      "cpu": [
        "arm64"
      ],
      "dev": true,
      "optional": true,
      "os": [
        "netbsd"
      ],
      "engines": {
        "node": ">=18"
      }
    },
    "node_modules/@esbuild/netbsd-x64": {
      "version": "0.28.0",
      "resolved": "https://registry.npmmirror.com/@esbuild/netbsd-x64/-/netbsd-x64-0.28.0.tgz",
      "integrity": "sha512-nU1yhmYutL+fQ71Kxnhg8uEOdC0pwEW9entHykTgEbna2pw2dkbFSMeqjjyHZoCmt8SBkOSvV+yNmm94aUrrqw==",
      "cpu": [
        "x64"
      ],
      "dev": true,
      "optional": true,
      "os": [
        "netbsd"
      ],
      "engines": {
        "node": ">=18"
      }
    },
    "node_modules/@esbuild/openbsd-arm64": {
      "version": "0.28.0",
      "resolved": "https://registry.npmmirror.com/@esbuild/openbsd-arm64/-/openbsd-arm64-0.28.0.tgz",
      "integrity": "sha512-cXb5vApOsRsxsEl4mcZ1XY3D4DzcoMxR/nnc4IyqYs0rTI8ZKmW6kyyg+11Z8yvgMfAEldKzP7AdP64HnSC/6g==",
      "cpu": [
        "arm64"
      ],
      "dev": true,
      "optional": true,
      "os": [
        "openbsd"
      ],
      "engines": {
        "node": ">=18"
      }
    },
    "node_modules/@esbuild/openbsd-x64": {
      "version": "0.28.0",
      "resolved": "https://registry.npmmirror.com/@esbuild/openbsd-x64/-/openbsd-x64-0.28.0.tgz",
      "integrity": "sha512-8wZM2qqtv9UP3mzy7HiGYNH/zjTA355mpeuA+859TyR+e+Tc08IHYpLJuMsfpDJwoLo1ikIJI8jC3GFjnRClzA==",
      "cpu": [
        "x64"
      ],
      "dev": true,
      "optional": true,
      "os": [
        "openbsd"
      ],
      "engines": {
        "node": ">=18"
      }
    },
    "node_modules/@esbuild/openharmony-arm64": {
      "version": "0.28.0",
      "resolved": "https://registry.npmmirror.com/@esbuild/openharmony-arm64/-/openharmony-arm64-0.28.0.tgz",
      "integrity": "sha512-FLGfyizszcef5C3YtoyQDACyg95+dndv79i2EekILBofh5wpCa1KuBqOWKrEHZg3zrL3t5ouE5jgr94vA+Wb2w==",
      "cpu": [
        "arm64"
      ],
      "dev": true,
      "optional": true,
      "os": [
        "openharmony"
      ],
      "engines": {
        "node": ">=18"
      }
    },
    "node_modules/@esbuild/sunos-x64": {
      "version": "0.28.0",
      "resolved": "https://registry.npmmirror.com/@esbuild/sunos-x64/-/sunos-x64-0.28.0.tgz",
      "integrity": "sha512-1ZgjUoEdHZZl/YlV76TSCz9Hqj9h9YmMGAgAPYd+q4SicWNX3G5GCyx9uhQWSLcbvPW8Ni7lj4gDa1T40akdlw==",
      "cpu": [
        "x64"
      ],
      "dev": true,
      "optional": true,
      "os": [
        "sunos"
      ],
      "engines": {
        "node": ">=18"
      }
    },
    "node_modules/@esbuild/win32-arm64": {
      "version": "0.28.0",
      "resolved": "https://registry.npmmirror.com/@esbuild/win32-arm64/-/win32-arm64-0.28.0.tgz",
      "integrity": "sha512-Q9StnDmQ/enxnpxCCLSg0oo4+34B9TdXpuyPeTedN/6+iXBJ4J+zwfQI28u/Jl40nOYAxGoNi7mFP40RUtkmUA==",
      "cpu": [
        "arm64"
      ],
      "dev": true,
      "optional": true,
      "os": [
        "win32"
      ],
      "engines": {
        "node": ">=18"
      }
    },
    "node_modules/@esbuild/win32-ia32": {
      "version": "0.28.0",
      "resolved": "https://registry.npmmirror.com/@esbuild/win32-ia32/-/win32-ia32-0.28.0.tgz",
      "integrity": "sha512-zF3ag/gfiCe6U2iczcRzSYJKH1DCI+ByzSENHlM2FcDbEeo5Zd2C86Aq0tKUYAJJ1obRP84ymxIAksZUcdztHA==",
      "cpu": [
        "ia32"
      ],
      "dev": true,
      "optional": true,
      "os": [
        "win32"
      ],
      "engines": {
        "node": ">=18"
      }
    },
    "node_modules/@esbuild/win32-x64": {
      "version": "0.28.0",
      "resolved": "https://registry.npmmirror.com/@esbuild/win32-x64/-/win32-x64-0.28.0.tgz",
      "integrity": "sha512-pEl1bO9mfAmIC+tW5btTmrKaujg3zGtUmWNdCw/xs70FBjwAL3o9OEKNHvNmnyylD6ubxUERiEhdsL0xBQ9efw==",
      "cpu": [
        "x64"
      ],
      "dev": true,
      "optional": true,
      "os": [
        "win32"
      ],
      "engines": {
        "node": ">=18"
      }
    },
    "node_modules/@types/node": {
      "version": "20.19.41",
      "resolved": "https://registry.npmmirror.com/@types/node/-/node-20.19.41.tgz",
      "integrity": "sha512-ECymXOukMnOoVkC2bb1Vc/w/836DXncOg5m8Xj1RH7xSHZJWNYY6Zh7EH477vcnD5egKNNfy2RpNOmuChhFPgQ==",
      "dev": true,
      "dependencies": {
        "undici-types": "~6.21.0"
      }
    },
    "node_modules/@types/ws": {
      "version": "8.18.1",
      "resolved": "https://registry.npmmirror.com/@types/ws/-/ws-8.18.1.tgz",
      "integrity": "sha512-ThVF6DCVhA8kUGy+aazFQ4kXQ7E1Ty7A3ypFOe0IcJV8O/M511G99AW24irKrW56Wt44yG9+ij8FaqoBGkuBXg==",
      "dev": true,
      "dependencies": {
        "@types/node": "*"
      }
    },
    "node_modules/abstract-level": {
      "version": "1.0.4",
      "resolved": "https://registry.npmmirror.com/abstract-level/-/abstract-level-1.0.4.tgz",
      "integrity": "sha512-eUP/6pbXBkMbXFdx4IH2fVgvB7M0JvR7/lIL33zcs0IBcwjdzSSl31TOJsaCzmKSSDF9h8QYSOJux4Nd4YJqFg==",
      "dependencies": {
        "buffer": "^6.0.3",
        "catering": "^2.1.0",
        "is-buffer": "^2.0.5",
        "level-supports": "^4.0.0",
        "level-transcoder": "^1.0.1",
        "module-error": "^1.0.1",
        "queue-microtask": "^1.2.3"
      },
      "engines": {
        "node": ">=12"
      }
    },
    "node_modules/abstract-leveldown": {
      "version": "6.2.3",
      "resolved": "https://registry.npmmirror.com/abstract-leveldown/-/abstract-leveldown-6.2.3.tgz",
      "integrity": "sha512-BsLm5vFMRUrrLeCcRc+G0t2qOaTzpoJQLOubq2XM72eNpjF5UdU5o/5NvlNhx95XHcAvcl8OMXr4mlg/fRgUXQ==",
      "deprecated": "Superseded by abstract-level (https://github.com/Level/community#faq)",
      "dependencies": {
        "buffer": "^5.5.0",
        "immediate": "^3.2.3",
        "level-concat-iterator": "~2.0.0",
        "level-supports": "~1.0.0",
        "xtend": "~4.0.0"
      },
      "engines": {
        "node": ">=6"
      }
    },
    "node_modules/abstract-leveldown/node_modules/buffer": {
      "version": "5.7.1",
      "resolved": "https://registry.npmmirror.com/buffer/-/buffer-5.7.1.tgz",
      "integrity": "sha512-EHcyIPBQ4BSGlvjB16k5KgAJ27CIsHY/2JBmCRReo48y9rQ3MaUzWX3KVlBa4U7MyX02HdVj0K7C3WaB3ju7FQ==",
      "funding": [
        {
          "type": "github",
          "url": "https://github.com/sponsors/feross"
        },
        {
          "type": "patreon",
          "url": "https://www.patreon.com/feross"
        },
        {
          "type": "consulting",
          "url": "https://feross.org/support"
        }
      ],
      "dependencies": {
        "base64-js": "^1.3.1",
        "ieee754": "^1.1.13"
      }
    },
    "node_modules/abstract-leveldown/node_modules/level-supports": {
      "version": "1.0.1",
      "resolved": "https://registry.npmmirror.com/level-supports/-/level-supports-1.0.1.tgz",
      "integrity": "sha512-rXM7GYnW8gsl1vedTJIbzOrRv85c/2uCMpiiCzO2fndd06U/kUXEEU9evYn4zFggBOg36IsBW8LzqIpETwwQzg==",
      "dependencies": {
        "xtend": "^4.0.2"
      },
      "engines": {
        "node": ">=6"
      }
    },
    "node_modules/base64-js": {
      "version": "1.5.1",
      "resolved": "https://registry.npmmirror.com/base64-js/-/base64-js-1.5.1.tgz",
      "integrity": "sha512-AKpaYlHn8t4SVbOHCy+b5+KKgvR4vrsD8vbvrbiQJps7fKDTkjkDry6ji0rUJjC0kzbNePLwzxq8iypo41qeWA==",
      "funding": [
        {
          "type": "github",
          "url": "https://github.com/sponsors/feross"
        },
        {
          "type": "patreon",
          "url": "https://www.patreon.com/feross"
        },
        {
          "type": "consulting",
          "url": "https://feross.org/support"
        }
      ]
    },
    "node_modules/browser-level": {
      "version": "1.0.1",
      "resolved": "https://registry.npmmirror.com/browser-level/-/browser-level-1.0.1.tgz",
      "integrity": "sha512-XECYKJ+Dbzw0lbydyQuJzwNXtOpbMSq737qxJN11sIRTErOMShvDpbzTlgju7orJKvx4epULolZAuJGLzCmWRQ==",
      "dependencies": {
        "abstract-level": "^1.0.2",
        "catering": "^2.1.1",
        "module-error": "^1.0.2",
        "run-parallel-limit": "^1.1.0"
      }
    },
    "node_modules/buffer": {
      "version": "6.0.3",
      "resolved": "https://registry.npmmirror.com/buffer/-/buffer-6.0.3.tgz",
      "integrity": "sha512-FTiCpNxtwiZZHEZbcbTIcZjERVICn9yq/pDFkTl95/AxzD1naBctN7YO68riM/gLSDY7sdrMby8hofADYuuqOA==",
      "funding": [
        {
          "type": "github",
          "url": "https://github.com/sponsors/feross"
        },
        {
          "type": "patreon",
          "url": "https://www.patreon.com/feross"
        },
        {
          "type": "consulting",
          "url": "https://feross.org/support"
        }
      ],
      "dependencies": {
        "base64-js": "^1.3.1",
        "ieee754": "^1.2.1"
      }
    },
    "node_modules/catering": {
      "version": "2.1.1",
      "resolved": "https://registry.npmmirror.com/catering/-/catering-2.1.1.tgz",
      "integrity": "sha512-K7Qy8O9p76sL3/3m7/zLKbRkyOlSZAgzEaLhyj2mXS8PsCud2Eo4hAb8aLtZqHh0QGqLcb9dlJSu6lHRVENm1w==",
      "engines": {
        "node": ">=6"
      }
    },
    "node_modules/classic-level": {
      "version": "1.4.1",
      "resolved": "https://registry.npmmirror.com/classic-level/-/classic-level-1.4.1.tgz",
      "integrity": "sha512-qGx/KJl3bvtOHrGau2WklEZuXhS3zme+jf+fsu6Ej7W7IP/C49v7KNlWIsT1jZu0YnfzSIYDGcEWpCa1wKGWXQ==",
      "hasInstallScript": true,
      "dependencies": {
        "abstract-level": "^1.0.2",
        "catering": "^2.1.0",
        "module-error": "^1.0.1",
        "napi-macros": "^2.2.2",
        "node-gyp-build": "^4.3.0"
      },
      "engines": {
        "node": ">=12"
      }
    },
    "node_modules/deferred-leveldown": {
      "version": "5.3.0",
      "resolved": "https://registry.npmmirror.com/deferred-leveldown/-/deferred-leveldown-5.3.0.tgz",
      "integrity": "sha512-a59VOT+oDy7vtAbLRCZwWgxu2BaCfd5Hk7wxJd48ei7I+nsg8Orlb9CLG0PMZienk9BSUKgeAqkO2+Lw+1+Ukw==",
      "deprecated": "Superseded by abstract-level (https://github.com/Level/community#faq)",
      "dependencies": {
        "abstract-leveldown": "~6.2.1",
        "inherits": "^2.0.3"
      },
      "engines": {
        "node": ">=6"
      }
    },
    "node_modules/encoding-down": {
      "version": "6.3.0",
      "resolved": "https://registry.npmmirror.com/encoding-down/-/encoding-down-6.3.0.tgz",
      "integrity": "sha512-QKrV0iKR6MZVJV08QY0wp1e7vF6QbhnbQhb07bwpEyuz4uZiZgPlEGdkCROuFkUwdxlFaiPIhjyarH1ee/3vhw==",
      "deprecated": "Superseded by abstract-level (https://github.com/Level/community#faq)",
      "dependencies": {
        "abstract-leveldown": "^6.2.1",
        "inherits": "^2.0.3",
        "level-codec": "^9.0.0",
        "level-errors": "^2.0.0"
      },
      "engines": {
        "node": ">=6"
      }
    },
    "node_modules/errno": {
      "version": "0.1.8",
      "resolved": "https://registry.npmmirror.com/errno/-/errno-0.1.8.tgz",
      "integrity": "sha512-dJ6oBr5SQ1VSd9qkk7ByRgb/1SH4JZjCHSW/mr63/QcXO9zLVxvJ6Oy13nio03rxpSnVDDjFor75SjVeZWPW/A==",
      "dependencies": {
        "prr": "~1.0.1"
      },
      "bin": {
        "errno": "cli.js"
      }
    },
    "node_modules/esbuild": {
      "version": "0.28.0",
      "resolved": "https://registry.npmmirror.com/esbuild/-/esbuild-0.28.0.tgz",
      "integrity": "sha512-sNR9MHpXSUV/XB4zmsFKN+QgVG82Cc7+/aaxJ8Adi8hyOac+EXptIp45QBPaVyX3N70664wRbTcLTOemCAnyqw==",
      "dev": true,
      "hasInstallScript": true,
      "bin": {
        "esbuild": "bin/esbuild"
      },
      "engines": {
        "node": ">=18"
      },
      "optionalDependencies": {
        "@esbuild/aix-ppc64": "0.28.0",
        "@esbuild/android-arm": "0.28.0",
        "@esbuild/android-arm64": "0.28.0",
        "@esbuild/android-x64": "0.28.0",
        "@esbuild/darwin-arm64": "0.28.0",
        "@esbuild/darwin-x64": "0.28.0",
        "@esbuild/freebsd-arm64": "0.28.0",
        "@esbuild/freebsd-x64": "0.28.0",
        "@esbuild/linux-arm": "0.28.0",
        "@esbuild/linux-arm64": "0.28.0",
        "@esbuild/linux-ia32": "0.28.0",
        "@esbuild/linux-loong64": "0.28.0",
        "@esbuild/linux-mips64el": "0.28.0",
        "@esbuild/linux-ppc64": "0.28.0",
        "@esbuild/linux-riscv64": "0.28.0",
        "@esbuild/linux-s390x": "0.28.0",
        "@esbuild/linux-x64": "0.28.0",
        "@esbuild/netbsd-arm64": "0.28.0",
        "@esbuild/netbsd-x64": "0.28.0",
        "@esbuild/openbsd-arm64": "0.28.0",
        "@esbuild/openbsd-x64": "0.28.0",
        "@esbuild/openharmony-arm64": "0.28.0",
        "@esbuild/sunos-x64": "0.28.0",
        "@esbuild/win32-arm64": "0.28.0",
        "@esbuild/win32-ia32": "0.28.0",
        "@esbuild/win32-x64": "0.28.0"
      }
    },
    "node_modules/fsevents": {
      "version": "2.3.3",
      "resolved": "https://registry.npmmirror.com/fsevents/-/fsevents-2.3.3.tgz",
      "integrity": "sha512-5xoDfX+fL7faATnagmWPpbFtwh/R77WmMMqqHGS65C3vvB0YHrgF+B1YmZ3441tMj5n63k0212XNoJwzlhffQw==",
      "dev": true,
      "hasInstallScript": true,
      "optional": true,
      "os": [
        "darwin"
      ],
      "engines": {
        "node": "^8.16.0 || ^10.6.0 || >=11.0.0"
      }
    },
    "node_modules/ieee754": {
      "version": "1.2.1",
      "resolved": "https://registry.npmmirror.com/ieee754/-/ieee754-1.2.1.tgz",
      "integrity": "sha512-dcyqhDvX1C46lXZcVqCpK+FtMRQVdIMN6/Df5js2zouUsqG7I6sFxitIC+7KYK29KdXOLHdu9zL4sFnoVQnqaA==",
      "funding": [
        {
          "type": "github",
          "url": "https://github.com/sponsors/feross"
        },
        {
          "type": "patreon",
          "url": "https://www.patreon.com/feross"
        },
        {
          "type": "consulting",
          "url": "https://feross.org/support"
        }
      ]
    },
    "node_modules/immediate": {
      "version": "3.3.0",
      "resolved": "https://registry.npmmirror.com/immediate/-/immediate-3.3.0.tgz",
      "integrity": "sha512-HR7EVodfFUdQCTIeySw+WDRFJlPcLOJbXfwwZ7Oom6tjsvZ3bOkCDJHehQC3nxJrv7+f9XecwazynjU8e4Vw3Q=="
    },
    "node_modules/inherits": {
      "version": "2.0.4",
      "resolved": "https://registry.npmmirror.com/inherits/-/inherits-2.0.4.tgz",
      "integrity": "sha512-k/vGaX4/Yla3WzyMCvTQOXYeIHvqOKtnqBduzTHpzpQZzAskKMhZ2K+EnBiSM9zGSoIFeMpXKxa4dYeZIQqewQ=="
    },
    "node_modules/is-buffer": {
      "version": "2.0.5",
      "resolved": "https://registry.npmmirror.com/is-buffer/-/is-buffer-2.0.5.tgz",
      "integrity": "sha512-i2R6zNFDwgEHJyQUtJEk0XFi1i0dPFn/oqjK3/vPCcDeJvW5NQ83V8QbicfF1SupOaB0h8ntgBC2YiE7dfyctQ==",
      "funding": [
        {
          "type": "github",
          "url": "https://github.com/sponsors/feross"
        },
        {
          "type": "patreon",
          "url": "https://www.patreon.com/feross"
        },
        {
          "type": "consulting",
          "url": "https://feross.org/support"
        }
      ],
      "engines": {
        "node": ">=4"
      }
    },
    "node_modules/isomorphic.js": {
      "version": "0.2.5",
      "resolved": "https://registry.npmmirror.com/isomorphic.js/-/isomorphic.js-0.2.5.tgz",
      "integrity": "sha512-PIeMbHqMt4DnUP3MA/Flc0HElYjMXArsw1qwJZcm9sqR8mq3l8NYizFMty0pWwE/tzIGH3EKK5+jes5mAr85yw==",
      "funding": {
        "type": "GitHub Sponsors ❤",
        "url": "https://github.com/sponsors/dmonad"
      }
    },
    "node_modules/level": {
      "version": "8.0.1",
      "resolved": "https://registry.npmmirror.com/level/-/level-8.0.1.tgz",
      "integrity": "sha512-oPBGkheysuw7DmzFQYyFe8NAia5jFLAgEnkgWnK3OXAuJr8qFT+xBQIwokAZPME2bhPFzS8hlYcL16m8UZrtwQ==",
      "dependencies": {
        "abstract-level": "^1.0.4",
        "browser-level": "^1.0.1",
        "classic-level": "^1.2.0"
      },
      "engines": {
        "node": ">=12"
      },
      "funding": {
        "type": "opencollective",
        "url": "https://opencollective.com/level"
      }
    },
    "node_modules/level-codec": {
      "version": "9.0.2",
      "resolved": "https://registry.npmmirror.com/level-codec/-/level-codec-9.0.2.tgz",
      "integrity": "sha512-UyIwNb1lJBChJnGfjmO0OR+ezh2iVu1Kas3nvBS/BzGnx79dv6g7unpKIDNPMhfdTEGoc7mC8uAu51XEtX+FHQ==",
      "deprecated": "Superseded by level-transcoder (https://github.com/Level/community#faq)",
      "dependencies": {
        "buffer": "^5.6.0"
      },
      "engines": {
        "node": ">=6"
      }
    },
    "node_modules/level-codec/node_modules/buffer": {
      "version": "5.7.1",
      "resolved": "https://registry.npmmirror.com/buffer/-/buffer-5.7.1.tgz",
      "integrity": "sha512-EHcyIPBQ4BSGlvjB16k5KgAJ27CIsHY/2JBmCRReo48y9rQ3MaUzWX3KVlBa4U7MyX02HdVj0K7C3WaB3ju7FQ==",
      "funding": [
        {
          "type": "github",
          "url": "https://github.com/sponsors/feross"
        },
        {
          "type": "patreon",
          "url": "https://www.patreon.com/feross"
        },
        {
          "type": "consulting",
          "url": "https://feross.org/support"
        }
      ],
      "dependencies": {
        "base64-js": "^1.3.1",
        "ieee754": "^1.1.13"
      }
    },
    "node_modules/level-concat-iterator": {
      "version": "2.0.1",
      "resolved": "https://registry.npmmirror.com/level-concat-iterator/-/level-concat-iterator-2.0.1.tgz",
      "integrity": "sha512-OTKKOqeav2QWcERMJR7IS9CUo1sHnke2C0gkSmcR7QuEtFNLLzHQAvnMw8ykvEcv0Qtkg0p7FOwP1v9e5Smdcw==",
      "deprecated": "Superseded by abstract-level (https://github.com/Level/community#faq)",
      "engines": {
        "node": ">=6"
      }
    },
    "node_modules/level-errors": {
      "version": "2.0.1",
      "resolved": "https://registry.npmmirror.com/level-errors/-/level-errors-2.0.1.tgz",
      "integrity": "sha512-UVprBJXite4gPS+3VznfgDSU8PTRuVX0NXwoWW50KLxd2yw4Y1t2JUR5In1itQnudZqRMT9DlAM3Q//9NCjCFw==",
      "deprecated": "Superseded by abstract-level (https://github.com/Level/community#faq)",
      "dependencies": {
        "errno": "~0.1.1"
      },
      "engines": {
        "node": ">=6"
      }
    },
    "node_modules/level-iterator-stream": {
      "version": "4.0.2",
      "resolved": "https://registry.npmmirror.com/level-iterator-stream/-/level-iterator-stream-4.0.2.tgz",
      "integrity": "sha512-ZSthfEqzGSOMWoUGhTXdX9jv26d32XJuHz/5YnuHZzH6wldfWMOVwI9TBtKcya4BKTyTt3XVA0A3cF3q5CY30Q==",
      "dependencies": {
        "inherits": "^2.0.4",
        "readable-stream": "^3.4.0",
        "xtend": "^4.0.2"
      },
      "engines": {
        "node": ">=6"
      }
    },
    "node_modules/level-js": {
      "version": "5.0.2",
      "resolved": "https://registry.npmmirror.com/level-js/-/level-js-5.0.2.tgz",
      "integrity": "sha512-SnBIDo2pdO5VXh02ZmtAyPP6/+6YTJg2ibLtl9C34pWvmtMEmRTWpra+qO/hifkUtBTOtfx6S9vLDjBsBK4gRg==",
      "deprecated": "Superseded by browser-level (https://github.com/Level/community#faq)",
      "dependencies": {
        "abstract-leveldown": "~6.2.3",
        "buffer": "^5.5.0",
        "inherits": "^2.0.3",
        "ltgt": "^2.1.2"
      }
    },
    "node_modules/level-js/node_modules/buffer": {
      "version": "5.7.1",
      "resolved": "https://registry.npmmirror.com/buffer/-/buffer-5.7.1.tgz",
      "integrity": "sha512-EHcyIPBQ4BSGlvjB16k5KgAJ27CIsHY/2JBmCRReo48y9rQ3MaUzWX3KVlBa4U7MyX02HdVj0K7C3WaB3ju7FQ==",
      "funding": [
        {
          "type": "github",
          "url": "https://github.com/sponsors/feross"
        },
        {
          "type": "patreon",
          "url": "https://www.patreon.com/feross"
        },
        {
          "type": "consulting",
          "url": "https://feross.org/support"
        }
      ],
      "dependencies": {
        "base64-js": "^1.3.1",
        "ieee754": "^1.1.13"
      }
    },
    "node_modules/level-packager": {
      "version": "5.1.1",
      "resolved": "https://registry.npmmirror.com/level-packager/-/level-packager-5.1.1.tgz",
      "integrity": "sha512-HMwMaQPlTC1IlcwT3+swhqf/NUO+ZhXVz6TY1zZIIZlIR0YSn8GtAAWmIvKjNY16ZkEg/JcpAuQskxsXqC0yOQ==",
      "deprecated": "Superseded by abstract-level (https://github.com/Level/community#faq)",
      "dependencies": {
        "encoding-down": "^6.3.0",
        "levelup": "^4.3.2"
      },
      "engines": {
        "node": ">=6"
      }
    },
    "node_modules/level-supports": {
      "version": "4.0.1",
      "resolved": "https://registry.npmmirror.com/level-supports/-/level-supports-4.0.1.tgz",
      "integrity": "sha512-PbXpve8rKeNcZ9C1mUicC9auIYFyGpkV9/i6g76tLgANwWhtG2v7I4xNBUlkn3lE2/dZF3Pi0ygYGtLc4RXXdA==",
      "engines": {
        "node": ">=12"
      }
    },
    "node_modules/level-transcoder": {
      "version": "1.0.1",
      "resolved": "https://registry.npmmirror.com/level-transcoder/-/level-transcoder-1.0.1.tgz",
      "integrity": "sha512-t7bFwFtsQeD8cl8NIoQ2iwxA0CL/9IFw7/9gAjOonH0PWTTiRfY7Hq+Ejbsxh86tXobDQ6IOiddjNYIfOBs06w==",
      "dependencies": {
        "buffer": "^6.0.3",
        "module-error": "^1.0.1"
      },
      "engines": {
        "node": ">=12"
      }
    },
    "node_modules/leveldown": {
      "version": "5.6.0",
      "resolved": "https://registry.npmmirror.com/leveldown/-/leveldown-5.6.0.tgz",
      "integrity": "sha512-iB8O/7Db9lPaITU1aA2txU/cBEXAt4vWwKQRrrWuS6XDgbP4QZGj9BL2aNbwb002atoQ/lIotJkfyzz+ygQnUQ==",
      "deprecated": "Superseded by classic-level (https://github.com/Level/community#faq)",
      "hasInstallScript": true,
      "dependencies": {
        "abstract-leveldown": "~6.2.1",
        "napi-macros": "~2.0.0",
        "node-gyp-build": "~4.1.0"
      },
      "engines": {
        "node": ">=8.6.0"
      }
    },
    "node_modules/leveldown/node_modules/napi-macros": {
      "version": "2.0.0",
      "resolved": "https://registry.npmmirror.com/napi-macros/-/napi-macros-2.0.0.tgz",
      "integrity": "sha512-A0xLykHtARfueITVDernsAWdtIMbOJgKgcluwENp3AlsKN/PloyO10HtmoqnFAQAcxPkgZN7wdfPfEd0zNGxbg=="
    },
    "node_modules/leveldown/node_modules/node-gyp-build": {
      "version": "4.1.1",
      "resolved": "https://registry.npmmirror.com/node-gyp-build/-/node-gyp-build-4.1.1.tgz",
      "integrity": "sha512-dSq1xmcPDKPZ2EED2S6zw/b9NKsqzXRE6dVr8TVQnI3FJOTteUMuqF3Qqs6LZg+mLGYJWqQzMbIjMtJqTv87nQ==",
      "bin": {
        "node-gyp-build": "bin.js",
        "node-gyp-build-optional": "optional.js",
        "node-gyp-build-test": "build-test.js"
      }
    },
    "node_modules/levelup": {
      "version": "4.4.0",
      "resolved": "https://registry.npmmirror.com/levelup/-/levelup-4.4.0.tgz",
      "integrity": "sha512-94++VFO3qN95cM/d6eBXvd894oJE0w3cInq9USsyQzzoJxmiYzPAocNcuGCPGGjoXqDVJcr3C1jzt1TSjyaiLQ==",
      "deprecated": "Superseded by abstract-level (https://github.com/Level/community#faq)",
      "dependencies": {
        "deferred-leveldown": "~5.3.0",
        "level-errors": "~2.0.0",
        "level-iterator-stream": "~4.0.0",
        "level-supports": "~1.0.0",
        "xtend": "~4.0.0"
      },
      "engines": {
        "node": ">=6"
      }
    },
    "node_modules/levelup/node_modules/level-supports": {
      "version": "1.0.1",
      "resolved": "https://registry.npmmirror.com/level-supports/-/level-supports-1.0.1.tgz",
      "integrity": "sha512-rXM7GYnW8gsl1vedTJIbzOrRv85c/2uCMpiiCzO2fndd06U/kUXEEU9evYn4zFggBOg36IsBW8LzqIpETwwQzg==",
      "dependencies": {
        "xtend": "^4.0.2"
      },
      "engines": {
        "node": ">=6"
      }
    },
    "node_modules/lib0": {
      "version": "0.2.117",
      "resolved": "https://registry.npmmirror.com/lib0/-/lib0-0.2.117.tgz",
      "integrity": "sha512-DeXj9X5xDCjgKLU/7RR+/HQEVzuuEUiwldwOGsHK/sfAfELGWEyTcf0x+uOvCvK3O2zPmZePXWL85vtia6GyZw==",
      "dependencies": {
        "isomorphic.js": "^0.2.4"
      },
      "bin": {
        "0ecdsa-generate-keypair": "bin/0ecdsa-generate-keypair.js",
        "0gentesthtml": "bin/gentesthtml.js",
        "0serve": "bin/0serve.js"
      },
      "engines": {
        "node": ">=16"
      },
      "funding": {
        "type": "GitHub Sponsors ❤",
        "url": "https://github.com/sponsors/dmonad"
      }
    },
    "node_modules/ltgt": {
      "version": "2.2.1",
      "resolved": "https://registry.npmmirror.com/ltgt/-/ltgt-2.2.1.tgz",
      "integrity": "sha512-AI2r85+4MquTw9ZYqabu4nMwy9Oftlfa/e/52t9IjtfG+mGBbTNdAoZ3RQKLHR6r0wQnwZnPIEh/Ya6XTWAKNA=="
    },
    "node_modules/module-error": {
      "version": "1.0.2",
      "resolved": "https://registry.npmmirror.com/module-error/-/module-error-1.0.2.tgz",
      "integrity": "sha512-0yuvsqSCv8LbaOKhnsQ/T5JhyFlCYLPXK3U2sgV10zoKQwzs/MyfuQUOZQ1V/6OCOJsK/TRgNVrPuPDqtdMFtA==",
      "engines": {
        "node": ">=10"
      }
    },
    "node_modules/napi-macros": {
      "version": "2.2.2",
      "resolved": "https://registry.npmmirror.com/napi-macros/-/napi-macros-2.2.2.tgz",
      "integrity": "sha512-hmEVtAGYzVQpCKdbQea4skABsdXW4RUh5t5mJ2zzqowJS2OyXZTU1KhDVFhx+NlWZ4ap9mqR9TcDO3LTTttd+g=="
    },
    "node_modules/node-gyp-build": {
      "version": "4.8.4",
      "resolved": "https://registry.npmmirror.com/node-gyp-build/-/node-gyp-build-4.8.4.tgz",
      "integrity": "sha512-LA4ZjwlnUblHVgq0oBF3Jl/6h/Nvs5fzBLwdEF4nuxnFdsfajde4WfxtJr3CaiH+F6ewcIB/q4jQ4UzPyid+CQ==",
      "bin": {
        "node-gyp-build": "bin.js",
        "node-gyp-build-optional": "optional.js",
        "node-gyp-build-test": "build-test.js"
      }
    },
    "node_modules/prr": {
      "version": "1.0.1",
      "resolved": "https://registry.npmmirror.com/prr/-/prr-1.0.1.tgz",
      "integrity": "sha512-yPw4Sng1gWghHQWj0B3ZggWUm4qVbPwPFcRG8KyxiU7J2OHFSoEHKS+EZ3fv5l1t9CyCiop6l/ZYeWbrgoQejw=="
    },
    "node_modules/queue-microtask": {
      "version": "1.2.3",
      "resolved": "https://registry.npmmirror.com/queue-microtask/-/queue-microtask-1.2.3.tgz",
      "integrity": "sha512-NuaNSa6flKT5JaSYQzJok04JzTL1CA6aGhv5rfLW3PgqA+M2ChpZQnAC8h8i4ZFkBS8X5RqkDBHA7r4hej3K9A==",
      "funding": [
        {
          "type": "github",
          "url": "https://github.com/sponsors/feross"
        },
        {
          "type": "patreon",
          "url": "https://www.patreon.com/feross"
        },
        {
          "type": "consulting",
          "url": "https://feross.org/support"
        }
      ]
    },
    "node_modules/readable-stream": {
      "version": "3.6.2",
      "resolved": "https://registry.npmmirror.com/readable-stream/-/readable-stream-3.6.2.tgz",
      "integrity": "sha512-9u/sniCrY3D5WdsERHzHE4G2YCXqoG5FTHUiCC4SIbr6XcLZBY05ya9EKjYek9O5xOAwjGq+1JdGBAS7Q9ScoA==",
      "dependencies": {
        "inherits": "^2.0.3",
        "string_decoder": "^1.1.1",
        "util-deprecate": "^1.0.1"
      },
      "engines": {
        "node": ">= 6"
      }
    },
    "node_modules/run-parallel-limit": {
      "version": "1.1.0",
      "resolved": "https://registry.npmmirror.com/run-parallel-limit/-/run-parallel-limit-1.1.0.tgz",
      "integrity": "sha512-jJA7irRNM91jaKc3Hcl1npHsFLOXOoTkPCUL1JEa1R82O2miplXXRaGdjW/KM/98YQWDhJLiSs793CnXfblJUw==",
      "funding": [
        {
          "type": "github",
          "url": "https://github.com/sponsors/feross"
        },
        {
          "type": "patreon",
          "url": "https://www.patreon.com/feross"
        },
        {
          "type": "consulting",
          "url": "https://feross.org/support"
        }
      ],
      "dependencies": {
        "queue-microtask": "^1.2.2"
      }
    },
    "node_modules/safe-buffer": {
      "version": "5.2.1",
      "resolved": "https://registry.npmmirror.com/safe-buffer/-/safe-buffer-5.2.1.tgz",
      "integrity": "sha512-rp3So07KcdmmKbGvgaNxQSJr7bGVSVk5S9Eq1F+ppbRo70+YeaDxkw5Dd8NPN+GD6bjnYm2VuPuCXmpuYvmCXQ==",
      "funding": [
        {
          "type": "github",
          "url": "https://github.com/sponsors/feross"
        },
        {
          "type": "patreon",
          "url": "https://www.patreon.com/feross"
        },
        {
          "type": "consulting",
          "url": "https://feross.org/support"
        }
      ]
    },
    "node_modules/string_decoder": {
      "version": "1.3.0",
      "resolved": "https://registry.npmmirror.com/string_decoder/-/string_decoder-1.3.0.tgz",
      "integrity": "sha512-hkRX8U1WjJFd8LsDJ2yQ/wWWxaopEsABU1XfkM8A+j0+85JAGppt16cr1Whg6KIbb4okU6Mql6BOj+uup/wKeA==",
      "dependencies": {
        "safe-buffer": "~5.2.0"
      }
    },
    "node_modules/tsx": {
      "version": "4.22.0",
      "resolved": "https://registry.npmmirror.com/tsx/-/tsx-4.22.0.tgz",
      "integrity": "sha512-8ccZMPD69s1AbKXx0C5ddTNZfNjwV04iIKgjZmKfKxMynEtSYcK0Lh7iQFh53fI5Yu4pb9usgAiqyPmEONaALg==",
      "dev": true,
      "dependencies": {
        "esbuild": "~0.28.0"
      },
      "bin": {
        "tsx": "dist/cli.mjs"
      },
      "engines": {
        "node": ">=18.0.0"
      },
      "optionalDependencies": {
        "fsevents": "~2.3.3"
      }
    },
    "node_modules/typescript": {
      "version": "5.9.3",
      "resolved": "https://registry.npmmirror.com/typescript/-/typescript-5.9.3.tgz",
      "integrity": "sha512-jl1vZzPDinLr9eUt3J/t7V6FgNEw9QjvBPdysz9KfQDD41fQrC2Y4vKQdiaUpFT4bXlb1RHhLpp8wtm6M5TgSw==",
      "dev": true,
      "bin": {
        "tsc": "bin/tsc",
        "tsserver": "bin/tsserver"
      },
      "engines": {
        "node": ">=14.17"
      }
    },
    "node_modules/undici-types": {
      "version": "6.21.0",
      "resolved": "https://registry.npmmirror.com/undici-types/-/undici-types-6.21.0.tgz",
      "integrity": "sha512-iwDZqg0QAGrg9Rav5H4n0M64c3mkR59cJ6wQp+7C4nI0gsmExaedaYLNO44eT4AtBBwjbTiGPMlt2Md0T9H9JQ==",
      "dev": true
    },
    "node_modules/util-deprecate": {
      "version": "1.0.2",
      "resolved": "https://registry.npmmirror.com/util-deprecate/-/util-deprecate-1.0.2.tgz",
      "integrity": "sha512-EPD5q1uXyFxJpCrLnCc1nHnq3gOa6DZBocAIiI2TaSCA7VCJ1UJDMagCzIkXNsUYfD1daK//LTEQ8xiIbrHtcw=="
    },
    "node_modules/ws": {
      "version": "8.20.1",
      "resolved": "https://registry.npmmirror.com/ws/-/ws-8.20.1.tgz",
      "integrity": "sha512-It4dO0K5v//JtTXuPkfEOaI3uUN87iYPnqo/ZzqCoG3g8uhA66QUMs/SrM0YK7/NAu+r4LMh/9dq2A7k+rHs+w==",
      "engines": {
        "node": ">=10.0.0"
      },
      "peerDependencies": {
        "bufferutil": "^4.0.1",
        "utf-8-validate": ">=5.0.2"
      },
      "peerDependenciesMeta": {
        "bufferutil": {
          "optional": true
        },
        "utf-8-validate": {
          "optional": true
        }
      }
    },
    "node_modules/xtend": {
      "version": "4.0.2",
      "resolved": "https://registry.npmmirror.com/xtend/-/xtend-4.0.2.tgz",
      "integrity": "sha512-LKYU1iAXJXUgAXn9URjiu+MWhyUXHsvfp7mcuYm9dSUKK0/CjtrUwFAxD82/mCWbtLsGjFIad0wIsod4zrTAEQ==",
      "engines": {
        "node": ">=0.4"
      }
    },
    "node_modules/y-leveldb": {
      "version": "0.1.2",
      "resolved": "https://registry.npmmirror.com/y-leveldb/-/y-leveldb-0.1.2.tgz",
      "integrity": "sha512-6ulEn5AXfXJYi89rXPEg2mMHAyyw8+ZfeMMdOtBbV8FJpQ1NOrcgi6DTAcXof0dap84NjHPT2+9d0rb6cFsjEg==",
      "dependencies": {
        "level": "^6.0.1",
        "lib0": "^0.2.31"
      },
      "funding": {
        "type": "GitHub Sponsors ❤",
        "url": "https://github.com/sponsors/dmonad"
      },
      "peerDependencies": {
        "yjs": "^13.0.0"
      }
    },
    "node_modules/y-leveldb/node_modules/level": {
      "version": "6.0.1",
      "resolved": "https://registry.npmmirror.com/level/-/level-6.0.1.tgz",
      "integrity": "sha512-psRSqJZCsC/irNhfHzrVZbmPYXDcEYhA5TVNwr+V92jF44rbf86hqGp8fiT702FyiArScYIlPSBTDUASCVNSpw==",
      "dependencies": {
        "level-js": "^5.0.0",
        "level-packager": "^5.1.0",
        "leveldown": "^5.4.0"
      },
      "engines": {
        "node": ">=8.6.0"
      },
      "funding": {
        "type": "opencollective",
        "url": "https://opencollective.com/level"
      }
    },
    "node_modules/y-protocols": {
      "version": "1.0.7",
      "resolved": "https://registry.npmmirror.com/y-protocols/-/y-protocols-1.0.7.tgz",
      "integrity": "sha512-YSVsLoXxO67J6eE/nV4AtFtT3QEotZf5sK5BHxFBXso7VDUT3Tx07IfA6hsu5Q5OmBdMkQVmFZ9QOA7fikWvnw==",
      "dependencies": {
        "lib0": "^0.2.85"
      },
      "engines": {
        "node": ">=16.0.0",
        "npm": ">=8.0.0"
      },
      "funding": {
        "type": "GitHub Sponsors ❤",
        "url": "https://github.com/sponsors/dmonad"
      },
      "peerDependencies": {
        "yjs": "^13.0.0"
      }
    },
    "node_modules/yjs": {
      "version": "13.6.30",
      "resolved": "https://registry.npmmirror.com/yjs/-/yjs-13.6.30.tgz",
      "integrity": "sha512-vv/9h42eCMC81ZHDFswuu/MKzkl/vyq1BhaNGfHyOonwlG4CJbQF4oiBBJPvfdeCt/PlVDWh7Nov9D34YY09uQ==",
      "dependencies": {
        "lib0": "^0.2.99"
      },
      "engines": {
        "node": ">=16.0.0",
        "npm": ">=8.0.0"
      },
      "funding": {
        "type": "GitHub Sponsors ❤",
        "url": "https://github.com/sponsors/dmonad"
      }
    }
  }
}
